PODS:
  - IDZSwiftCommonCrypto (0.13.0)
  - KeystoneCrypto (1.0.4):
    - IDZSwiftCommonCrypto (= 0.13.0)

DEPENDENCIES:
  - KeystoneCrypto (from `../`)

SPEC REPOS:
  trunk:
    - IDZSwiftCommonCrypto

EXTERNAL SOURCES:
  KeystoneCrypto:
    :path: "../"

SPEC CHECKSUMS:
  IDZSwiftCommonCrypto: 00dd37cdfbd149312a7e5a582cf9909f8b129f44
  KeystoneCrypto: 6a4a127d0d0267aa2de707d3ed933a55702190a6

PODFILE CHECKSUM: 3918a979ec1c051dc28aea3552b7f0c1f9fc1329

COCOAPODS: 1.8.3
