PODS:
  - IDZSwiftCommonCrypto (0.11.3)
  - KeystoneCrypto (1.0.2):
    - IDZSwiftCommonCrypto (~> 0.11.0)
    - SwiftyRSA (~> 1.5.0)
  - SwiftyRSA (1.5.0):
    - SwiftyRSA/ObjC (= 1.5.0)
  - SwiftyRSA/ObjC (1.5.0)

DEPENDENCIES:
  - KeystoneCrypto (from `../`)

SPEC REPOS:
  https://github.com/cocoapods/specs.git:
    - IDZSwiftCommonCrypto
    - SwiftyRSA

EXTERNAL SOURCES:
  KeystoneCrypto:
    :path: "../"

SPEC CHECKSUMS:
  IDZSwiftCommonCrypto: 5ef78bf2b9f589475aa2ef3c1ac138693b63104e
  KeystoneCrypto: 78e9b4cfd14c830dd71f8ed2c3e55036edd54331
  SwiftyRSA: 6e528fb1b1a87d5111c48081083b141d6d65f1cf

PODFILE CHECKSUM: 18936b0e9a1cedf967ecf668424f49b0cf9d2b9e

COCOAPODS: 1.5.3
